
Microsoft Visual Studio Solution File, Format Version 12.00
# Visual Studio Version 17
VisualStudioVersion = 17.3.32901.215
MinimumVisualStudioVersion = 10.0.40219.1
Project("{FAE04EC0-301F-11D3-BF4B-00C04F79EFBC}") = "ChatApplication", "ChatApplication\ChatApplication.csproj", "{86F71D6D-68C4-4A93-A4EA-0673D0EF15BC}"
EndProject
Project("{9A19103F-16F7-4668-BE54-9A1E7A4F7556}") = "ChatAppServer", "ChatAppServer\ChatAppServer.csproj", "{0F25191A-F0EC-4877-836C-D8EBC5602311}"
EndProject
Global
	GlobalSection(SolutionConfigurationPlatforms) = preSolution
		Debug|Any CPU = Debug|Any CPU
		Release|Any CPU = Release|Any CPU
	EndGlobalSection
	GlobalSection(ProjectConfigurationPlatforms) = postSolution
		{86F71D6D-68C4-4A93-A4EA-0673D0EF15BC}.Debug|Any CPU.ActiveCfg = Debug|Any CPU
		{86F71D6D-68C4-4A93-A4EA-0673D0EF15BC}.Debug|Any CPU.Build.0 = Debug|Any CPU
		{86F71D6D-68C4-4A93-A4EA-0673D0EF15BC}.Release|Any CPU.ActiveCfg = Release|Any CPU
		{86F71D6D-68C4-4A93-A4EA-0673D0EF15BC}.Release|Any CPU.Build.0 = Release|Any CPU
		{0F25191A-F0EC-4877-836C-D8EBC5602311}.Debug|Any CPU.ActiveCfg = Debug|Any CPU
		{0F25191A-F0EC-4877-836C-D8EBC5602311}.Debug|Any CPU.Build.0 = Debug|Any CPU
		{0F25191A-F0EC-4877-836C-D8EBC5602311}.Release|Any CPU.ActiveCfg = Release|Any CPU
		{0F25191A-F0EC-4877-836C-D8EBC5602311}.Release|Any CPU.Build.0 = Release|Any CPU
	EndGlobalSection
	GlobalSection(SolutionProperties) = preSolution
		HideSolutionNode = FALSE
	EndGlobalSection
	GlobalSection(ExtensibilityGlobals) = postSolution
		SolutionGuid = {3EDE1299-A85D-454A-A254-2D2BB857F85F}
	EndGlobalSection
EndGlobal
